
Microsoft Visual Studio Solution File, Format Version 12.00
# Visual Studio 2015
Project("{FAE04EC0-301F-11D3-BF4B-00C04F79EFBC}") = "Batman.Plugins", "Batman.Plugins.csproj", "{11576B61-F3D1-7BD4-862D-AC4EA3AE88BA}"
EndProject
Project("{FAE04EC0-301F-11D3-BF4B-00C04F79EFBC}") = "Batman", "Batman.csproj", "{B45E5A52-ED60-C04D-0F1F-57C2A86CD947}"
EndProject
Project("{FAE04EC0-301F-11D3-BF4B-00C04F79EFBC}") = "Batman.Editor.Plugins", "Batman.Editor.Plugins.csproj", "{A3540C07-9327-80ED-6DC8-3805C9ACEA2F}"
EndProject
Global
	GlobalSection(SolutionConfigurationPlatforms) = preSolution
		Debug|Any CPU = Debug|Any CPU
		Release|Any CPU = Release|Any CPU
	EndGlobalSection
	GlobalSection(ProjectConfigurationPlatforms) = postSolution
		{11576B61-F3D1-7BD4-862D-AC4EA3AE88BA}.Debug|Any CPU.ActiveCfg = Debug|Any CPU
		{11576B61-F3D1-7BD4-862D-AC4EA3AE88BA}.Debug|Any CPU.Build.0 = Debug|Any CPU
		{11576B61-F3D1-7BD4-862D-AC4EA3AE88BA}.Release|Any CPU.ActiveCfg = Release|Any CPU
		{11576B61-F3D1-7BD4-862D-AC4EA3AE88BA}.Release|Any CPU.Build.0 = Release|Any CPU
		{B45E5A52-ED60-C04D-0F1F-57C2A86CD947}.Debug|Any CPU.ActiveCfg = Debug|Any CPU
		{B45E5A52-ED60-C04D-0F1F-57C2A86CD947}.Debug|Any CPU.Build.0 = Debug|Any CPU
		{B45E5A52-ED60-C04D-0F1F-57C2A86CD947}.Release|Any CPU.ActiveCfg = Release|Any CPU
		{B45E5A52-ED60-C04D-0F1F-57C2A86CD947}.Release|Any CPU.Build.0 = Release|Any CPU
		{A3540C07-9327-80ED-6DC8-3805C9ACEA2F}.Debug|Any CPU.ActiveCfg = Debug|Any CPU
		{A3540C07-9327-80ED-6DC8-3805C9ACEA2F}.Debug|Any CPU.Build.0 = Debug|Any CPU
		{A3540C07-9327-80ED-6DC8-3805C9ACEA2F}.Release|Any CPU.ActiveCfg = Release|Any CPU
		{A3540C07-9327-80ED-6DC8-3805C9ACEA2F}.Release|Any CPU.Build.0 = Release|Any CPU
	EndGlobalSection
	GlobalSection(SolutionProperties) = preSolution
		HideSolutionNode = FALSE
	EndGlobalSection
EndGlobal
